{
  "name": "fluid-mark",
  "version": "1.0.0",
  "lockfileVersion": 3,
  "requires": true,
  "packages": {
    "": {
      "name": "fluid-mark",
      "version": "1.0.0",
      "license": "ISC",
      "dependencies": {
        "vgpu": "^0.5.0"
      }
    },
    "node_modules/@modelcontextprotocol/core": {
      "version": "2.0.0",
      "resolved": "https://registry.npmjs.org/@modelcontextprotocol/core/-/core-2.0.0.tgz",
      "integrity": "sha512-pJCEwGG7Lfr/+PQp9ZTwKXNeO5wzbfKL7H3MYpCorM4oFBoQrdjnBgEoqG+RjhsvS1FKrDbKux+M1HhlnGWqcA==",
      "license": "MIT",
      "dependencies": {
        "zod": "^4.2.0"
      },
      "engines": {
        "node": ">=20"
      }
    },
    "node_modules/@modelcontextprotocol/server": {
      "version": "2.0.0",
      "resolved": "https://registry.npmjs.org/@modelcontextprotocol/server/-/server-2.0.0.tgz",
      "integrity": "sha512-YhHWdHfpFMQfd0prsEnxKeS3Qz3ytIGmsS0sth4KDjnacIT7hxk6hXHkJ9KysxlkvTM+WZAtQbbcUhdoP4Hvtw==",
      "license": "MIT",
      "dependencies": {
        "@modelcontextprotocol/core": "2.0.0",
        "zod": "^4.2.0"
      },
      "engines": {
        "node": ">=20"
      }
    },
    "node_modules/@vgpu/adapter-mock": {
      "version": "0.5.0",
      "resolved": "https://registry.npmjs.org/@vgpu/adapter-mock/-/adapter-mock-0.5.0.tgz",
      "integrity": "sha512-YtgXOFn1qI+8oTJenG2wWbQPA28V0CfE5UJs5Xqbt6qyR/xaZ5LHH2XWTwFcjnqn2b1xQCyTatJCMyyOdweUnw==",
      "license": "MIT",
      "dependencies": {
        "@vgpu/core": "0.5.0"
      }
    },
    "node_modules/@vgpu/adapter-node": {
      "version": "0.5.0",
      "resolved": "https://registry.npmjs.org/@vgpu/adapter-node/-/adapter-node-0.5.0.tgz",
      "integrity": "sha512-lgzqFcLDejwRgwlaNStzkwLNU9b4aN2OoPpWqT1UyPmK521BSw2OIQKzAuDIkzNlREla6KNC12G6bthhOzZKzw==",
      "hasInstallScript": true,
      "license": "MIT",
      "dependencies": {
        "@vgpu/core": "0.5.0",
        "webgpu": "0.4.0"
      }
    },
    "node_modules/@vgpu/core": {
      "version": "0.5.0",
      "resolved": "https://registry.npmjs.org/@vgpu/core/-/core-0.5.0.tgz",
      "integrity": "sha512-z80DHRHViv6+FKKkPzggEtT1ZZs/WCKRQbzJuwYdA135DZaSbCMoRK4anhM+I/nOHuDpf7H3xjkwE6rfolWZUw==",
      "license": "MIT",
      "dependencies": {
        "@vgpu/wgsl": "0.5.0"
      }
    },
    "node_modules/@vgpu/wgsl": {
      "version": "0.5.0",
      "resolved": "https://registry.npmjs.org/@vgpu/wgsl/-/wgsl-0.5.0.tgz",
      "integrity": "sha512-PDlDJem7J28C9bk+vPy2kYZEoW8+nYIx2oN4nu7/WF2V7ETx32BtmWcawwMbhiu/CVsobFafML0h0eqLRBNa3Q==",
      "license": "MIT",
      "dependencies": {
        "@vgpu/wgsl-std": "0.5.0"
      },
      "peerDependencies": {
        "@vgpu/adapter-node": ">=0.1.6 <1.0.0 || ^0.5.0-rc.0"
      },
      "peerDependenciesMeta": {
        "@vgpu/adapter-node": {
          "optional": true
        }
      }
    },
    "node_modules/@vgpu/wgsl-std": {
      "version": "0.5.0",
      "resolved": "https://registry.npmjs.org/@vgpu/wgsl-std/-/wgsl-std-0.5.0.tgz",
      "integrity": "sha512-NjMyJxwy4evFNCSqFQy4EqAbZ7iU+NUyJYyG9tLUhbdDLzBmfZlk1S3PyRZ9olBFFfEiVW2JNVw10maPKLEs1A==",
      "license": "MIT"
    },
    "node_modules/@webgpu/types": {
      "version": "0.1.74",
      "resolved": "https://registry.npmjs.org/@webgpu/types/-/types-0.1.74.tgz",
      "integrity": "sha512-lgiI4hbuLcI9unnm2cL/tvCaQU45dp0xcLWJh5uB/9MBGvIA4F8XIk7nSiBeg+K4xWGYwgZKn80LmERI5CxoTA==",
      "license": "BSD-3-Clause"
    },
    "node_modules/debug": {
      "version": "4.4.3",
      "resolved": "https://registry.npmjs.org/debug/-/debug-4.4.3.tgz",
      "integrity": "sha512-RGwwWnwQvkVfavKVt22FGLw+xYSdzARwm0ru6DhTVA3umU5hZc28V3kO4stgYryrTlLpuvgI9GiijltAjNbcqA==",
      "license": "MIT",
      "dependencies": {
        "ms": "^2.1.3"
      },
      "engines": {
        "node": ">=6.0"
      },
      "peerDependenciesMeta": {
        "supports-color": {
          "optional": true
        }
      }
    },
    "node_modules/ms": {
      "version": "2.1.3",
      "resolved": "https://registry.npmjs.org/ms/-/ms-2.1.3.tgz",
      "integrity": "sha512-6FlzubTLZG3J2a/NVCAleEhjzq5oxgHyaCU9yYXvcLsvoVaHJq/s5xXI6/XXP6tz7R9xAOtHnSO/tXtF3WRTlA==",
      "license": "MIT"
    },
    "node_modules/pixelmatch": {
      "version": "7.2.0",
      "resolved": "https://registry.npmjs.org/pixelmatch/-/pixelmatch-7.2.0.tgz",
      "integrity": "sha512-xhcb4yHu9sM/G7foGzoLtXYcC0zHEaOXXjRKhGup0fw78Nf2Tkiapv4EQyMzrbcmQPsllAI7DbFY2UT7PlI9Pg==",
      "license": "ISC",
      "dependencies": {
        "pngjs": "^7.0.0"
      },
      "bin": {
        "pixelmatch": "bin/pixelmatch"
      }
    },
    "node_modules/pngjs": {
      "version": "7.0.0",
      "resolved": "https://registry.npmjs.org/pngjs/-/pngjs-7.0.0.tgz",
      "integrity": "sha512-LKWqWJRhstyYo9pGvgor/ivk2w94eSjE3RGVuzLGlr3NmD8bf7RcYGze1mNdEHRP6TRP6rMuDHk5t44hnTRyow==",
      "license": "MIT",
      "engines": {
        "node": ">=14.19.0"
      }
    },
    "node_modules/vgpu": {
      "version": "0.5.0",
      "resolved": "https://registry.npmjs.org/vgpu/-/vgpu-0.5.0.tgz",
      "integrity": "sha512-isQfMHRTysYFfT8UWTzqQI/ROw2L7lVkj7xoUJlvIF6FjYxBNS/YNG7qp3tZ7ZvZZ3uwYjso+geQv/bEq5Hl3w==",
      "license": "MIT",
      "dependencies": {
        "@modelcontextprotocol/server": "2.0.0",
        "@vgpu/adapter-mock": "0.5.0",
        "@vgpu/adapter-node": "0.5.0",
        "@vgpu/core": "0.5.0",
        "@vgpu/wgsl": "0.5.0",
        "@vgpu/wgsl-std": "0.5.0",
        "@webgpu/types": "^0.1.69",
        "pixelmatch": "^7.2.0",
        "pngjs": "^7.0.0",
        "wgpu-matrix": "^3.4.2",
        "zod": "^4.4.3"
      },
      "bin": {
        "vgpu": "bin/vgpu.js"
      },
      "peerDependencies": {
        "three": ">=0.180.0 <0.200.0"
      },
      "peerDependenciesMeta": {
        "three": {
          "optional": true
        }
      }
    },
    "node_modules/webgpu": {
      "version": "0.4.0",
      "resolved": "https://registry.npmjs.org/webgpu/-/webgpu-0.4.0.tgz",
      "integrity": "sha512-F5pimn3Aoi0zWjuRdiVs5TnrUwSzD2lESBohsIUsqyitWkGRQlXU2fhV6ycXlQTa1bvAf3sjqiUpBEpmSQ5ptA==",
      "hasInstallScript": true,
      "license": "MIT",
      "dependencies": {
        "@webgpu/types": "^0.1.69",
        "debug": "^4.4.0"
      }
    },
    "node_modules/wgpu-matrix": {
      "version": "3.4.2",
      "resolved": "https://registry.npmjs.org/wgpu-matrix/-/wgpu-matrix-3.4.2.tgz",
      "integrity": "sha512-IfZFbG7olEYBD76VCZy2TzqM57GKy3LT++AZh37tMHPPByO6R2h61zXGBZFNPi2IzxNivNi8y5dvze5PjaczjA==",
      "license": "MIT"
    },
    "node_modules/zod": {
      "version": "4.6.5",
      "resolved": "https://registry.npmjs.org/zod/-/zod-4.6.5.tgz",
      "integrity": "sha512-v5l/aFXZQeai4awLbOpSoHecE9UiMrnfx75tEXLjNonXVARxQ5mOeipTjROUchszUNCqnE+hqAMujRsRHsut2Q==",
      "license": "MIT",
      "funding": {
        "url": "https://github.com/sponsors/colinhacks"
      }
    }
  }
}
